
Microsoft Visual Studio Solution File, Format Version 12.00
# Visual Studio 14
VisualStudioVersion = 14.0.25420.1
MinimumVisualStudioVersion = 10.0.40219.1
Project("{8BC9CEB8-8B4A-11D0-8D11-00A0C91BC942}") = "AKB2", "ConsoleApplication2\ConsoleApplication2.vcxproj", "{1567B624-B159-44FC-A04B-FB08380F1BFF}"
EndProject
Project("{8BC9CEB8-8B4A-11D0-8D11-00A0C91BC942}") = "AKB3", "AKB3\AKB3.vcxproj", "{24531C11-2EA2-4C28-8832-3104FC95A853}"
EndProject
Project("{8BC9CEB8-8B4A-11D0-8D11-00A0C91BC942}") = "AKB4", "AKB4\AKB4.vcxproj", "{8B7041CA-4058-40BB-9BA5-779FCF5D933D}"
EndProject
Global
	GlobalSection(SolutionConfigurationPlatforms) = preSolution
		Debug|x64 = Debug|x64
		Debug|x86 = Debug|x86
		Release|x64 = Release|x64
		Release|x86 = Release|x86
	EndGlobalSection
	GlobalSection(ProjectConfigurationPlatforms) = postSolution
		{1567B624-B159-44FC-A04B-FB08380F1BFF}.Debug|x64.ActiveCfg = Debug|x64
		{1567B624-B159-44FC-A04B-FB08380F1BFF}.Debug|x64.Build.0 = Debug|x64
		{1567B624-B159-44FC-A04B-FB08380F1BFF}.Debug|x86.ActiveCfg = Debug|Win32
		{1567B624-B159-44FC-A04B-FB08380F1BFF}.Debug|x86.Build.0 = Debug|Win32
		{1567B624-B159-44FC-A04B-FB08380F1BFF}.Release|x64.ActiveCfg = Release|x64
		{1567B624-B159-44FC-A04B-FB08380F1BFF}.Release|x64.Build.0 = Release|x64
		{1567B624-B159-44FC-A04B-FB08380F1BFF}.Release|x86.ActiveCfg = Release|Win32
		{1567B624-B159-44FC-A04B-FB08380F1BFF}.Release|x86.Build.0 = Release|Win32
		{24531C11-2EA2-4C28-8832-3104FC95A853}.Debug|x64.ActiveCfg = Debug|x64
		{24531C11-2EA2-4C28-8832-3104FC95A853}.Debug|x64.Build.0 = Debug|x64
		{24531C11-2EA2-4C28-8832-3104FC95A853}.Debug|x86.ActiveCfg = Debug|Win32
		{24531C11-2EA2-4C28-8832-3104FC95A853}.Debug|x86.Build.0 = Debug|Win32
		{24531C11-2EA2-4C28-8832-3104FC95A853}.Release|x64.ActiveCfg = Release|x64
		{24531C11-2EA2-4C28-8832-3104FC95A853}.Release|x64.Build.0 = Release|x64
		{24531C11-2EA2-4C28-8832-3104FC95A853}.Release|x86.ActiveCfg = Release|Win32
		{24531C11-2EA2-4C28-8832-3104FC95A853}.Release|x86.Build.0 = Release|Win32
		{8B7041CA-4058-40BB-9BA5-779FCF5D933D}.Debug|x64.ActiveCfg = Debug|x64
		{8B7041CA-4058-40BB-9BA5-779FCF5D933D}.Debug|x64.Build.0 = Debug|x64
		{8B7041CA-4058-40BB-9BA5-779FCF5D933D}.Debug|x86.ActiveCfg = Debug|Win32
		{8B7041CA-4058-40BB-9BA5-779FCF5D933D}.Debug|x86.Build.0 = Debug|Win32
		{8B7041CA-4058-40BB-9BA5-779FCF5D933D}.Release|x64.ActiveCfg = Release|x64
		{8B7041CA-4058-40BB-9BA5-779FCF5D933D}.Release|x64.Build.0 = Release|x64
		{8B7041CA-4058-40BB-9BA5-779FCF5D933D}.Release|x86.ActiveCfg = Release|Win32
		{8B7041CA-4058-40BB-9BA5-779FCF5D933D}.Release|x86.Build.0 = Release|Win32
	EndGlobalSection
	GlobalSection(SolutionProperties) = preSolution
		HideSolutionNode = FALSE
	EndGlobalSection
EndGlobal
